
Microsoft Visual Studio Solution File, Format Version 12.00
# Visual Studio Version 17
VisualStudioVersion = 17.2.32616.157
MinimumVisualStudioVersion = 10.0.40219.1
Project("{2150E333-8FDC-42A3-9474-1A3956D46DE8}") = "sample1", "sample1", "{F247DC34-8841-41B3-ACA0-89B0C91B4F47}"
EndProject
Project("{2150E333-8FDC-42A3-9474-1A3956D46DE8}") = "sample2", "sample2", "{372202F8-659D-441C-A7F4-D9511E6722F1}"
EndProject
Project("{2150E333-8FDC-42A3-9474-1A3956D46DE8}") = "sample3", "sample3", "{FEF1DF68-D7CB-4897-97BA-C55FDF5DAFE0}"
EndProject
Project("{9A19103F-16F7-4668-BE54-9A1E7A4F7556}") = "Producer", "sample1\Producer\Producer.csproj", "{B867B62F-EDF7-4ECF-9518-1C1712082473}"
EndProject
Project("{9A19103F-16F7-4668-BE54-9A1E7A4F7556}") = "Consumer", "sample1\Consumer\Consumer.csproj", "{F2C88231-C619-47AA-BA3B-B73198793BAB}"
EndProject
Project("{9A19103F-16F7-4668-BE54-9A1E7A4F7556}") = "Producer", "sample2\Producer\Producer.csproj", "{7C72F7ED-3664-4EFA-82B0-ADEC1AC071B7}"
EndProject
Project("{9A19103F-16F7-4668-BE54-9A1E7A4F7556}") = "Producer", "sample3\Producer\Producer.csproj", "{66E4E10E-8553-42B4-B55B-9FFF666FEF8B}"
EndProject
Project("{9A19103F-16F7-4668-BE54-9A1E7A4F7556}") = "Consumer", "sample3\Consumer\Consumer.csproj", "{923C1359-0CB2-46D8-AF61-AB041B4219C7}"
EndProject
Project("{9A19103F-16F7-4668-BE54-9A1E7A4F7556}") = "Consumer1", "sample2\Consumer1\Consumer1.csproj", "{E860835F-11AA-40F1-AA78-7C58F88F5119}"
EndProject
Project("{9A19103F-16F7-4668-BE54-9A1E7A4F7556}") = "Consumer2", "sample2\Consumer2\Consumer2.csproj", "{AF38BF42-81AB-4D18-A73E-03FA219C93A9}"
EndProject
Project("{2150E333-8FDC-42A3-9474-1A3956D46DE8}") = "sample4", "sample4", "{19812B85-7CE8-4D5F-ADA7-BF0179415580}"
EndProject
Project("{9A19103F-16F7-4668-BE54-9A1E7A4F7556}") = "Consumer", "sample4\Consumer\Consumer.csproj", "{7D001372-C21B-4EC7-8AFE-CA0EB5AE5C49}"
EndProject
Project("{9A19103F-16F7-4668-BE54-9A1E7A4F7556}") = "Producer", "sample4\Producer\Producer.csproj", "{ED7259E8-7A4A-448E-AD93-F0339D69CFB7}"
EndProject
Project("{2150E333-8FDC-42A3-9474-1A3956D46DE8}") = "sample5", "sample5", "{2AFF46D0-118D-46E5-AD46-4CBD0A1029BA}"
EndProject
Project("{FAE04EC0-301F-11D3-BF4B-00C04F79EFBC}") = "Producer", "sample5\Producer\Producer.csproj", "{1BAA96CE-7C4C-4DFD-979C-5F5E2F8B44BD}"
EndProject
Project("{FAE04EC0-301F-11D3-BF4B-00C04F79EFBC}") = "Consumer", "sample5\Consumer\Consumer.csproj", "{550B4843-3284-4524-B716-2E834984DD78}"
EndProject
Global
	GlobalSection(SolutionConfigurationPlatforms) = preSolution
		Debug|Any CPU = Debug|Any CPU
		Release|Any CPU = Release|Any CPU
	EndGlobalSection
	GlobalSection(ProjectConfigurationPlatforms) = postSolution
		{B867B62F-EDF7-4ECF-9518-1C1712082473}.Debug|Any CPU.ActiveCfg = Debug|Any CPU
		{B867B62F-EDF7-4ECF-9518-1C1712082473}.Debug|Any CPU.Build.0 = Debug|Any CPU
		{B867B62F-EDF7-4ECF-9518-1C1712082473}.Release|Any CPU.ActiveCfg = Release|Any CPU
		{B867B62F-EDF7-4ECF-9518-1C1712082473}.Release|Any CPU.Build.0 = Release|Any CPU
		{F2C88231-C619-47AA-BA3B-B73198793BAB}.Debug|Any CPU.ActiveCfg = Debug|Any CPU
		{F2C88231-C619-47AA-BA3B-B73198793BAB}.Debug|Any CPU.Build.0 = Debug|Any CPU
		{F2C88231-C619-47AA-BA3B-B73198793BAB}.Release|Any CPU.ActiveCfg = Release|Any CPU
		{F2C88231-C619-47AA-BA3B-B73198793BAB}.Release|Any CPU.Build.0 = Release|Any CPU
		{7C72F7ED-3664-4EFA-82B0-ADEC1AC071B7}.Debug|Any CPU.ActiveCfg = Debug|Any CPU
		{7C72F7ED-3664-4EFA-82B0-ADEC1AC071B7}.Debug|Any CPU.Build.0 = Debug|Any CPU
		{7C72F7ED-3664-4EFA-82B0-ADEC1AC071B7}.Release|Any CPU.ActiveCfg = Release|Any CPU
		{7C72F7ED-3664-4EFA-82B0-ADEC1AC071B7}.Release|Any CPU.Build.0 = Release|Any CPU
		{66E4E10E-8553-42B4-B55B-9FFF666FEF8B}.Debug|Any CPU.ActiveCfg = Debug|Any CPU
		{66E4E10E-8553-42B4-B55B-9FFF666FEF8B}.Debug|Any CPU.Build.0 = Debug|Any CPU
		{66E4E10E-8553-42B4-B55B-9FFF666FEF8B}.Release|Any CPU.ActiveCfg = Release|Any CPU
		{66E4E10E-8553-42B4-B55B-9FFF666FEF8B}.Release|Any CPU.Build.0 = Release|Any CPU
		{923C1359-0CB2-46D8-AF61-AB041B4219C7}.Debug|Any CPU.ActiveCfg = Debug|Any CPU
		{923C1359-0CB2-46D8-AF61-AB041B4219C7}.Debug|Any CPU.Build.0 = Debug|Any CPU
		{923C1359-0CB2-46D8-AF61-AB041B4219C7}.Release|Any CPU.ActiveCfg = Release|Any CPU
		{923C1359-0CB2-46D8-AF61-AB041B4219C7}.Release|Any CPU.Build.0 = Release|Any CPU
		{E860835F-11AA-40F1-AA78-7C58F88F5119}.Debug|Any CPU.ActiveCfg = Debug|Any CPU
		{E860835F-11AA-40F1-AA78-7C58F88F5119}.Debug|Any CPU.Build.0 = Debug|Any CPU
		{E860835F-11AA-40F1-AA78-7C58F88F5119}.Release|Any CPU.ActiveCfg = Release|Any CPU
		{E860835F-11AA-40F1-AA78-7C58F88F5119}.Release|Any CPU.Build.0 = Release|Any CPU
		{AF38BF42-81AB-4D18-A73E-03FA219C93A9}.Debug|Any CPU.ActiveCfg = Debug|Any CPU
		{AF38BF42-81AB-4D18-A73E-03FA219C93A9}.Debug|Any CPU.Build.0 = Debug|Any CPU
		{AF38BF42-81AB-4D18-A73E-03FA219C93A9}.Release|Any CPU.ActiveCfg = Release|Any CPU
		{AF38BF42-81AB-4D18-A73E-03FA219C93A9}.Release|Any CPU.Build.0 = Release|Any CPU
		{7D001372-C21B-4EC7-8AFE-CA0EB5AE5C49}.Debug|Any CPU.ActiveCfg = Debug|Any CPU
		{7D001372-C21B-4EC7-8AFE-CA0EB5AE5C49}.Debug|Any CPU.Build.0 = Debug|Any CPU
		{7D001372-C21B-4EC7-8AFE-CA0EB5AE5C49}.Release|Any CPU.ActiveCfg = Release|Any CPU
		{7D001372-C21B-4EC7-8AFE-CA0EB5AE5C49}.Release|Any CPU.Build.0 = Release|Any CPU
		{ED7259E8-7A4A-448E-AD93-F0339D69CFB7}.Debug|Any CPU.ActiveCfg = Debug|Any CPU
		{ED7259E8-7A4A-448E-AD93-F0339D69CFB7}.Debug|Any CPU.Build.0 = Debug|Any CPU
		{ED7259E8-7A4A-448E-AD93-F0339D69CFB7}.Release|Any CPU.ActiveCfg = Release|Any CPU
		{ED7259E8-7A4A-448E-AD93-F0339D69CFB7}.Release|Any CPU.Build.0 = Release|Any CPU
		{1BAA96CE-7C4C-4DFD-979C-5F5E2F8B44BD}.Debug|Any CPU.ActiveCfg = Debug|Any CPU
		{1BAA96CE-7C4C-4DFD-979C-5F5E2F8B44BD}.Debug|Any CPU.Build.0 = Debug|Any CPU
		{1BAA96CE-7C4C-4DFD-979C-5F5E2F8B44BD}.Release|Any CPU.ActiveCfg = Release|Any CPU
		{1BAA96CE-7C4C-4DFD-979C-5F5E2F8B44BD}.Release|Any CPU.Build.0 = Release|Any CPU
		{550B4843-3284-4524-B716-2E834984DD78}.Debug|Any CPU.ActiveCfg = Debug|Any CPU
		{550B4843-3284-4524-B716-2E834984DD78}.Debug|Any CPU.Build.0 = Debug|Any CPU
		{550B4843-3284-4524-B716-2E834984DD78}.Release|Any CPU.ActiveCfg = Release|Any CPU
		{550B4843-3284-4524-B716-2E834984DD78}.Release|Any CPU.Build.0 = Release|Any CPU
	EndGlobalSection
	GlobalSection(SolutionProperties) = preSolution
		HideSolutionNode = FALSE
	EndGlobalSection
	GlobalSection(NestedProjects) = preSolution
		{B867B62F-EDF7-4ECF-9518-1C1712082473} = {F247DC34-8841-41B3-ACA0-89B0C91B4F47}
		{F2C88231-C619-47AA-BA3B-B73198793BAB} = {F247DC34-8841-41B3-ACA0-89B0C91B4F47}
		{7C72F7ED-3664-4EFA-82B0-ADEC1AC071B7} = {372202F8-659D-441C-A7F4-D9511E6722F1}
		{66E4E10E-8553-42B4-B55B-9FFF666FEF8B} = {FEF1DF68-D7CB-4897-97BA-C55FDF5DAFE0}
		{923C1359-0CB2-46D8-AF61-AB041B4219C7} = {FEF1DF68-D7CB-4897-97BA-C55FDF5DAFE0}
		{E860835F-11AA-40F1-AA78-7C58F88F5119} = {372202F8-659D-441C-A7F4-D9511E6722F1}
		{AF38BF42-81AB-4D18-A73E-03FA219C93A9} = {372202F8-659D-441C-A7F4-D9511E6722F1}
		{7D001372-C21B-4EC7-8AFE-CA0EB5AE5C49} = {19812B85-7CE8-4D5F-ADA7-BF0179415580}
		{ED7259E8-7A4A-448E-AD93-F0339D69CFB7} = {19812B85-7CE8-4D5F-ADA7-BF0179415580}
		{1BAA96CE-7C4C-4DFD-979C-5F5E2F8B44BD} = {2AFF46D0-118D-46E5-AD46-4CBD0A1029BA}
		{550B4843-3284-4524-B716-2E834984DD78} = {2AFF46D0-118D-46E5-AD46-4CBD0A1029BA}
	EndGlobalSection
	GlobalSection(ExtensibilityGlobals) = postSolution
		SolutionGuid = {DA0A2EDF-0E71-4AEC-A6C3-D6076EA0140F}
	EndGlobalSection
EndGlobal
